{"1.2.0",
[{<<"accept">>,{pkg,<<"accept">>,<<"0.3.7">>},2},
 {<<"acceptor_pool">>,{pkg,<<"acceptor_pool">>,<<"1.0.1">>},2},
 {<<"bankcard_validator">>,
  {git,"https://github.com/valitydev/bankcard-validator.git",
       {ref,"28073759961858a76a8ebaa294f32ed3123d6dd6"}},
  0},
 {<<"binbase_proto">>,
  {git,"https://github.com/valitydev/binbase-proto.git",
       {ref,"1b6a754897d3804c1a9d0dcea5408a8ccd1c1fe0"}},
  0},
 {<<"bouncer_client">>,
  {git,"https://github.com/valitydev/bouncer-client-erlang.git",
       {ref,"aaa226360958c1476a0d2e661d402c37478bec55"}},
  0},
 {<<"bouncer_proto">>,
  {git,"https://github.com/valitydev/bouncer-proto.git",
       {ref,"fa083c3fcc5e4e8f72526b1f7bd9ee17024fc7ff"}},
  0},
 {<<"cache">>,{pkg,<<"cache">>,<<"2.3.3">>},1},
 {<<"cds_proto">>,
  {git,"https://github.com/valitydev/cds-proto.git",
       {ref,"c6d2f3e3078a46093862cad5af3ebbd31e8a09f2"}},
  0},
 {<<"certifi">>,{pkg,<<"certifi">>,<<"2.6.1">>},1},
 {<<"cg_mon">>,
  {git,"https://github.com/rbkmoney/cg_mon.git",
       {ref,"5a87a37694e42b6592d3b4164ae54e0e87e24e18"}},
  1},
 {<<"chatterbox">>,{pkg,<<"ts_chatterbox">>,<<"0.16.0">>},2},
 {<<"cowboy">>,{pkg,<<"cowboy">>,<<"2.12.0">>},0},
 {<<"cowboy_access_log">>,
  {git,"https://github.com/valitydev/cowboy_access_log.git",
       {ref,"04da359e022cf05c5c93812504d5791d6bc97453"}},
  0},
 {<<"cowboy_cors">>,
  {git,"https://github.com/valitydev/cowboy_cors.git",
       {ref,"5a3b084fb8c5a4ff58e3c915a822d709d6023c3b"}},
  0},
 {<<"cowboy_draining_server">>,
  {git,"https://github.com/valitydev/cowboy_draining_server.git",
       {ref,"186cf4d0722d4ad79afe73d371df6b1371e51905"}},
  0},
 {<<"cowlib">>,{pkg,<<"cowlib">>,<<"2.13.0">>},1},
 {<<"ctx">>,{pkg,<<"ctx">>,<<"0.6.0">>},2},
 {<<"damsel">>,
  {git,"https://github.com/valitydev/damsel.git",
       {ref,"e7a78d866c3b56885470705a2fcd8bfb37c59044"}},
  0},
 {<<"dmt_client">>,
  {git,"https://github.com/valitydev/dmt_client.git",
       {ref,"20c18cc9b51d0f273db60c929e8a8a871d6a1866"}},
  0},
 {<<"email_validator">>,{pkg,<<"email_validator">>,<<"1.1.0">>},0},
 {<<"erl_health">>,
  {git,"https://github.com/valitydev/erlang-health.git",
       {ref,"49716470d0e8dab5e37db55d52dea78001735a3d"}},
  0},
 {<<"genlib">>,
  {git,"https://github.com/valitydev/genlib.git",
       {ref,"d2324089afbbd9630e85fac554620f1de0b33dfe"}},
  0},
 {<<"gproc">>,{pkg,<<"gproc">>,<<"0.9.0">>},1},
 {<<"grpcbox">>,{pkg,<<"grpcbox">>,<<"0.18.0">>},1},
 {<<"gun">>,
  {git,"https://github.com/ninenines/gun.git",
       {ref,"e7dd9f227e46979d8073e71c683395a809b78cb4"}},
  1},
 {<<"hackney">>,{pkg,<<"hackney">>,<<"1.17.4">>},0},
 {<<"hpack">>,{pkg,<<"hpack_erl">>,<<"0.3.0">>},3},
 {<<"idna">>,{pkg,<<"idna">>,<<"6.1.1">>},1},
 {<<"jesse">>,
  {git,"https://github.com/valitydev/jesse.git",
       {ref,"640392b30ff0076809231ac2e145e656ff70b3d8"}},
  1},
 {<<"jose">>,
  {git,"https://github.com/potatosalad/erlang-jose.git",
       {ref,"991649695aaccd92c8effb1c1e88e6159fe8e9a6"}},
  0},
 {<<"jsx">>,{pkg,<<"jsx">>,<<"3.1.0">>},0},
 {<<"lechiffre">>,
  {git,"https://github.com/valitydev/lechiffre.git",
       {ref,"3f9c136ae2f70b9830f46c990e00d75dacfd73d9"}},
  0},
 {<<"metrics">>,{pkg,<<"metrics">>,<<"1.0.1">>},1},
 {<<"mimerl">>,{pkg,<<"mimerl">>,<<"1.2.0">>},1},
 {<<"moneypenny">>,
  {git,"https://github.com/valitydev/moneypenny-proto.git",
       {ref,"dc974a6b978f5e69c333695353b5734ee06e3f71"}},
  0},
 {<<"msgpack_proto">>,
  {git,"https://github.com/valitydev/msgpack-proto.git",
       {ref,"7e447496aa5df4a5f1ace7ef2e3c31248b2a3ed0"}},
  1},
 {<<"opentelemetry">>,{pkg,<<"opentelemetry">>,<<"1.7.0">>},0},
 {<<"opentelemetry_api">>,{pkg,<<"opentelemetry_api">>,<<"1.5.0">>},0},
 {<<"opentelemetry_exporter">>,
  {pkg,<<"opentelemetry_exporter">>,<<"1.10.0">>},
  0},
 {<<"org_management_proto">>,
  {git,"https://github.com/valitydev/org-management-proto",
       {ref,"21db07eb5eeff67e2062e9a02c63db945ec893f6"}},
  1},
 {<<"parse_trans">>,{pkg,<<"parse_trans">>,<<"3.4.1">>},0},
 {<<"payproc_errors">>,
  {git,"https://github.com/valitydev/payproc-errors-erlang.git",
       {ref,"8ae8586239ef68098398acf7eb8363d9ec3b3234"}},
  0},
 {<<"prometheus">>,{pkg,<<"prometheus">>,<<"4.11.0">>},0},
 {<<"prometheus_cowboy">>,{pkg,<<"prometheus_cowboy">>,<<"0.1.9">>},0},
 {<<"prometheus_httpd">>,{pkg,<<"prometheus_httpd">>,<<"2.1.15">>},1},
 {<<"quantile_estimator">>,{pkg,<<"quantile_estimator">>,<<"0.2.1">>},1},
 {<<"ranch">>,{pkg,<<"ranch">>,<<"1.8.0">>},1},
 {<<"scoper">>,
  {git,"https://github.com/valitydev/scoper.git",
       {ref,"0e7aa01e9632daa39727edd62d4656ee715b4569"}},
  0},
 {<<"snowflake">>,
  {git,"https://github.com/valitydev/snowflake.git",
       {ref,"de159486ef40cec67074afe71882bdc7f7deab72"}},
  1},
 {<<"ssl_verify_fun">>,{pkg,<<"ssl_verify_fun">>,<<"1.1.6">>},1},
 {<<"swag_client">>,
  {git,"https://github.com/valitydev/swag-payments.git",
       {ref,"9ec98b3e5f12bfd697f390e63e59302c7e28b366"}},
  0},
 {<<"swag_server">>,
  {git,"https://github.com/valitydev/swag-payments.git",
       {ref,"5f5c65fb52fd84eac482ef9d1cf20198b3bff030"}},
  0},
 {<<"tds_proto">>,
  {git,"https://github.com/valitydev/tds-proto.git",
       {ref,"dd9255540550dbf06ea90b995b1d5ca0755f1fd2"}},
  0},
 {<<"thrift">>,
  {git,"https://github.com/valitydev/thrift_erlang.git",
       {ref,"3a60e5dc5bbd709495024f26e100b041c3547fd9"}},
  1},
 {<<"tls_certificate_check">>,
  {pkg,<<"tls_certificate_check">>,<<"1.35.0">>},
  1},
 {<<"token_keeper_client">>,
  {git,"https://github.com/valitydev/token-keeper-client.git",
       {ref,"00aaba5e0ef2a6eb35eeecd12dcafe475031e200"}},
  0},
 {<<"token_keeper_proto">>,
  {git,"https://github.com/valitydev/token-keeper-proto.git",
       {ref,"8b8bb4333828350301ae2fe801c0c8de61c6529c"}},
  1},
 {<<"unicode_util_compat">>,{pkg,<<"unicode_util_compat">>,<<"0.7.0">>},1},
 {<<"woody">>,
  {git,"https://github.com/valitydev/woody_erlang.git",
       {ref,"cc983a9423325ba1d6a509775eb6ff7ace721539"}},
  0},
 {<<"woody_user_identity">>,
  {git,"https://github.com/valitydev/woody_erlang_user_identity.git",
       {ref,"1bc1e260b8d464fe7720ca3e26f52fed363aff67"}},
  0}]}.
[
{pkg_hash,[
 {<<"accept">>, <<"CD6E34A2D7E28CA38B2D3CB233734CA0C221EFBC1F171F91FEC5F162CC2D18DA">>},
 {<<"acceptor_pool">>, <<"D88C2E8A0BE9216CF513FBCD3E5A4BEB36BEE3FF4168E85D6152C6F899359CDB">>},
 {<<"cache">>, <<"B23A5FE7095445A88412A6E614C933377E0137B44FFED77C9B3FEF1A731A20B2">>},
 {<<"certifi">>, <<"DBAB8E5E155A0763EEA978C913CA280A6B544BFA115633FA20249C3D396D9493">>},
 {<<"chatterbox">>, <<"9D062F566235B6DEB5FF94C4A4EB332B7CFF28D9CCF281B91DE10FE74E1F59FE">>},
 {<<"cowboy">>, <<"F276D521A1FF88B2B9B4C54D0E753DA6C66DD7BE6C9FCA3D9418B561828A3731">>},
 {<<"cowlib">>, <<"DB8F7505D8332D98EF50A3EF34B34C1AFDDEC7506E4EE4DD4A3A266285D282CA">>},
 {<<"ctx">>, <<"8FF88B70E6400C4DF90142E7F130625B82086077A45364A78D208ED3ED53C7FE">>},
 {<<"email_validator">>, <<"7E09A862E9AA99AE2CA6FD2A718D2B94360E32940A1339B53DFEE6B774BCDB03">>},
 {<<"gproc">>, <<"853CCB7805E9ADA25D227A157BA966F7B34508F386A3E7E21992B1B484230699">>},
 {<<"grpcbox">>, <<"CCC14EC546509E0952D406EF626C5856B68D36A40BE6040FA444B375B33BD14F">>},
 {<<"hackney">>, <<"99DA4674592504D3FB0CFEF0DB84C3BA02B4508BAE2DFF8C0108BAA0D6E0977C">>},
 {<<"hpack">>, <<"2461899CC4AB6A0EF8E970C1661C5FC6A52D3C25580BC6DD204F84CE94669926">>},
 {<<"idna">>, <<"8A63070E9F7D0C62EB9D9FCB360A7DE382448200FBBD1B106CC96D3D8099DF8D">>},
 {<<"jsx">>, <<"D12516BAA0BB23A59BB35DCCAF02A1BD08243FCBB9EFE24F2D9D056CCFF71268">>},
 {<<"metrics">>, <<"25F094DEA2CDA98213CECC3AEFF09E940299D950904393B2A29D191C346A8486">>},
 {<<"mimerl">>, <<"67E2D3F571088D5CFD3E550C383094B47159F3EEE8FFA08E64106CDF5E981BE3">>},
 {<<"opentelemetry">>, <<"20D0F12D3D1C398D3670FD44FD1A7C495DD748AB3E5B692A7906662E2FB1A38A">>},
 {<<"opentelemetry_api">>, <<"1A676F3E3340CAB81C763E939A42E11A70C22863F645AA06AAFEFC689B5550CF">>},
 {<<"opentelemetry_exporter">>, <<"972E142392DBFA679EC959914664ADEFEA38399E4F56CEBA5C473E1CABDBAD79">>},
 {<<"parse_trans">>, <<"6E6AA8167CB44CC8F39441D05193BE6E6F4E7C2946CB2759F015F8C56B76E5FF">>},
 {<<"prometheus">>, <<"B95F8DE8530F541BD95951E18E355A840003672E5EDA4788C5FA6183406BA29A">>},
 {<<"prometheus_cowboy">>, <<"D9D5B300516A61ED5AE31391F8EEEEB202230081D32A1813F2D78772B6F274E1">>},
 {<<"prometheus_httpd">>, <<"8F767D819A5D36275EAB9264AFF40D87279151646776069BF69FBDBBD562BD75">>},
 {<<"quantile_estimator">>, <<"EF50A361F11B5F26B5F16D0696E46A9E4661756492C981F7B2229EF42FF1CD15">>},
 {<<"ranch">>, <<"8C7A100A139FD57F17327B6413E4167AC559FBC04CA7448E9BE9057311597A1D">>},
 {<<"ssl_verify_fun">>, <<"CF344F5692C82D2CD7554F5EC8FD961548D4FD09E7D22F5B62482E5AEAEBD4B0">>},
 {<<"tls_certificate_check">>, <<"6237B9CB9632B1F52F00EF852CD04D4AF70319C308D4F65BE1E45DA637578867">>},
 {<<"unicode_util_compat">>, <<"BC84380C9AB48177092F43AC89E4DFA2C6D62B40B8BD132B1059ECC7232F9A78">>}]},
{pkg_hash_ext,[
 {<<"accept">>, <<"CA69388943F5DAD2E7232A5478F16086E3C872F48E32B88B378E1885A59F5649">>},
 {<<"acceptor_pool">>, <<"F172F3D74513E8EDD445C257D596FC84DBDD56D2C6FA287434269648AE5A421E">>},
 {<<"cache">>, <<"44516CE6FA03594D3A2AF025DD3A87BFE711000EB730219E1DDEFC816E0AA2F4">>},
 {<<"certifi">>, <<"524C97B4991B3849DD5C17A631223896272C6B0AF446778BA4675A1DFF53BB7E">>},
 {<<"chatterbox">>, <<"34C145C702F3A8D22F49A189EB34579EF3DB68F9A98A82D19B5CF6E390AAD54F">>},
 {<<"cowboy">>, <<"8A7ABE6D183372CEB21CAA2709BEC928AB2B72E18A3911AA1771639BEF82651E">>},
 {<<"cowlib">>, <<"E1E1284DC3FC030A64B1AD0D8382AE7E99DA46C3246B815318A4B848873800A4">>},
 {<<"ctx">>, <<"A14ED2D1B67723DBEBBE423B28D7615EB0BDCBA6FF28F2D1F1B0A7E1D4AA5FC2">>},
 {<<"email_validator">>, <<"2B1E6DF7BB14155C8D7D131F1C95CF4676200BC056EEBA82123396833FF94DA2">>},
 {<<"gproc">>, <<"587E8AF698CCD3504CF4BA8D90F893EDE2B0F58CABB8A916E2BF9321DE3CF10B">>},
 {<<"grpcbox">>, <<"5EC9F8FE664AB51201B32C117A61511A1F9D6316771E3891BA8A88D289A732AB">>},
 {<<"hackney">>, <<"DE16FF4996556C8548D512F4DBE22DD58A587BF3332E7FD362430A7EF3986B16">>},
 {<<"hpack">>, <<"D6137D7079169D8C485C6962DFE261AF5B9EF60FBC557344511C1E65E3D95FB0">>},
 {<<"idna">>, <<"92376EB7894412ED19AC475E4A86F7B413C1B9FBB5BD16DCCD57934157944CEA">>},
 {<<"jsx">>, <<"0C5CC8FDC11B53CC25CF65AC6705AD39E54ECC56D1C22E4ADB8F5A53FB9427F3">>},
 {<<"metrics">>, <<"69B09ADDDC4F74A40716AE54D140F93BEB0FB8978D8636EADED0C31B6F099F16">>},
 {<<"mimerl">>, <<"F278585650AA581986264638EBF698F8BB19DF297F66AD91B18910DFC6E19323">>},
 {<<"opentelemetry">>, <<"A9173B058C4549BF824CBC2F1D2FA2ADC5CDEDC22AA3F0F826951187BBD53131">>},
 {<<"opentelemetry_api">>, <<"F53EC8A1337AE4A487D43AC89DA4BD3A3C99DDF576655D071DEED8B56A2D5DDA">>},
 {<<"opentelemetry_exporter">>, <<"33A116ED7304CB91783F779DEC02478F887C87988077BFD72840F760B8D4B952">>},
 {<<"parse_trans">>, <<"620A406CE75DADA827B82E453C19CF06776BE266F5A67CFF34E1EF2CBB60E49A">>},
 {<<"prometheus">>, <<"719862351AABF4DF7079B05DC085D2BBCBE3AC0AC3009E956671B1D5AB88247D">>},
 {<<"prometheus_cowboy">>, <<"5F71C039DEB9E9FF9DD6366BC74C907A463872B85286E619EFF0BDA15111695A">>},
 {<<"prometheus_httpd">>, <<"67736D000745184D5013C58A63E947821AB90CB9320BC2E6AE5D3061C6FFE039">>},
 {<<"quantile_estimator">>, <<"282A8A323CA2A845C9E6F787D166348F776C1D4A41EDE63046D72D422E3DA946">>},
 {<<"ranch">>, <<"49FBCFD3682FAB1F5D109351B61257676DA1A2FDBE295904176D5E521A2DDFE5">>},
 {<<"ssl_verify_fun">>, <<"BDB0D2471F453C88FF3908E7686F86F9BE327D065CC1EC16FA4540197EA04680">>},
 {<<"tls_certificate_check">>, <<"36FD91D635761DAFFA12E75B0C784B24510A69AD53348B8276A553D2D665B579">>},
 {<<"unicode_util_compat">>, <<"25EEE6D67DF61960CF6A794239566599B09E17E668D3700247BC498638152521">>}]}
].
