{"1.2.0",
[{<<"bankcard_validator">>,
  {git,"https://github.com/valitydev/bankcard-validator.git",
       {ref,"5d26beb1a98582b992edded09706f2ca3f2f5cdc"}},
  0},
 {<<"bender_proto">>,
  {git,"https://github.com/valitydev/bender-proto.git",
       {ref,"dfe271b09a2b8e457f50e4732b905a0b846bf529"}},
  0},
 {<<"binbase_proto">>,
  {git,"https://github.com/valitydev/binbase-proto.git",
       {ref,"410b2c241d199e3cd42a9b8b553e8aa645d6ff19"}},
  0},
 {<<"bouncer_client">>,
  {git,"https://github.com/valitydev/bouncer-client-erlang.git",
       {ref,"b6c7be05e24f46121f42ae5a48232b94f78c9c5c"}},
  0},
 {<<"bouncer_proto">>,
  {git,"https://github.com/valitydev/bouncer-proto.git",
       {ref,"cc50cc4549ce4598a023dea5b1ab0a25a449a2d0"}},
  0},
 {<<"cache">>,{pkg,<<"cache">>,<<"2.3.3">>},1},
 {<<"cds_proto">>,
  {git,"https://github.com/valitydev/cds-proto.git",
       {ref,"ed9f9078049ebcd1439d2ada0479fc8f33ccacf1"}},
  0},
 {<<"certifi">>,{pkg,<<"certifi">>,<<"2.6.1">>},1},
 {<<"cg_mon">>,
  {git,"https://github.com/valitydev/cg_mon.git",
       {ref,"5a87a37694e42b6592d3b4164ae54e0e87e24e18"}},
  1},
 {<<"cowboy">>,{pkg,<<"cowboy">>,<<"2.9.0">>},0},
 {<<"cowboy_access_log">>,
  {git,"https://github.com/valitydev/cowboy_access_log.git",
       {ref,"c058ad42cd11c6503feb398fb8587c2f72155a60"}},
  0},
 {<<"cowboy_cors">>,
  {git,"https://github.com/valitydev/cowboy_cors.git",
       {ref,"5a3b084fb8c5a4ff58e3c915a822d709d6023c3b"}},
  0},
 {<<"cowboy_draining_server">>,
  {git,"https://github.com/valitydev/cowboy_draining_server.git",
       {ref,"186cf4d0722d4ad79afe73d371df6b1371e51905"}},
  0},
 {<<"cowlib">>,{pkg,<<"cowlib">>,<<"2.11.0">>},1},
 {<<"damsel">>,
  {git,"https://github.com/valitydev/damsel.git",
       {ref,"b25d3365e1f2b075ffea30b3a2e1c41eb3f6145b"}},
  0},
 {<<"dmt_client">>,
  {git,"https://github.com/valitydev/dmt_client.git",
       {ref,"e9b1961b96ce138a34f6cf9cebef6ddf66af1942"}},
  0},
 {<<"dmt_core">>,
  {git,"https://github.com/valitydev/dmt_core.git",
       {ref,"910e20edbe03ae4645aa3923baea8054003753b5"}},
  1},
 {<<"email_validator">>,{pkg,<<"email_validator">>,<<"1.1.0">>},0},
 {<<"erl_health">>,
  {git,"https://github.com/valitydev/erlang-health.git",
       {ref,"982af88738ca062eea451436d830eef8c1fbe3f9"}},
  0},
 {<<"genlib">>,
  {git,"https://github.com/valitydev/genlib.git",
       {ref,"2bbc54d4abe0f779d57c8f5911dce64d295b1cd1"}},
  0},
 {<<"gproc">>,{pkg,<<"gproc">>,<<"0.9.0">>},1},
 {<<"gun">>,
  {git,"https://github.com/ninenines/gun.git",
       {ref,"e7dd9f227e46979d8073e71c683395a809b78cb4"}},
  1},
 {<<"hackney">>,{pkg,<<"hackney">>,<<"1.17.4">>},0},
 {<<"idna">>,{pkg,<<"idna">>,<<"6.1.1">>},1},
 {<<"jesse">>,
  {git,"https://github.com/valitydev/jesse.git",
       {ref,"9b980b7f9ce09b6a136fe5a23d404d1b903f3061"}},
  0},
 {<<"jose">>,
  {git,"https://github.com/potatosalad/erlang-jose.git",
       {ref,"991649695aaccd92c8effb1c1e88e6159fe8e9a6"}},
  0},
 {<<"jsx">>,{pkg,<<"jsx">>,<<"3.1.0">>},0},
 {<<"lechiffre">>,
  {git,"https://github.com/valitydev/lechiffre.git",
       {ref,"ab894bc7c0e830f4372d302036f044d20c76ca73"}},
  0},
 {<<"metrics">>,{pkg,<<"metrics">>,<<"1.0.1">>},1},
 {<<"mimerl">>,{pkg,<<"mimerl">>,<<"1.2.0">>},1},
 {<<"moneypenny">>,
  {git,"https://github.com/valitydev/moneypenny-proto.git",
       {ref,"26054d1b5c8f30301a0b6de80dc6165edc825620"}},
  0},
 {<<"msgpack_proto">>,
  {git,"https://github.com/valitydev/msgpack-proto.git",
       {ref,"ec15d5e854ea60c58467373077d90c2faf6273d8"}},
  1},
 {<<"org_management_proto">>,
  {git,"https://github.com/valitydev/org-management-proto",
       {ref,"f433223706284000694e54e839fafb10db84e2b3"}},
  1},
 {<<"parse_trans">>,{pkg,<<"parse_trans">>,<<"3.4.1">>},0},
 {<<"payproc_errors">>,
  {git,"https://github.com/valitydev/payproc-errors-erlang.git",
       {ref,"ebbfa3775c77d665f519d39ca9afa08c28d7733f"}},
  0},
 {<<"ranch">>,{pkg,<<"ranch">>,<<"1.8.0">>},1},
 {<<"scoper">>,
  {git,"https://github.com/valitydev/scoper.git",
       {ref,"7f3183df279bc8181efe58dafd9cae164f495e6f"}},
  0},
 {<<"snowflake">>,
  {git,"https://github.com/valitydev/snowflake.git",
       {ref,"de159486ef40cec67074afe71882bdc7f7deab72"}},
  1},
 {<<"ssl_verify_fun">>,{pkg,<<"ssl_verify_fun">>,<<"1.1.6">>},1},
 {<<"swag_client">>,
  {git,"https://github.com/valitydev/swag-payments.git",
       {ref,"d42fe53131e605b86a6fafd731c8d17275a2d1c3"}},
  0},
 {<<"swag_server">>,
  {git,"https://github.com/valitydev/swag-payments.git",
       {ref,"d66adf6f04071cf587ae1d11c6d3502fbe5fe0af"}},
  0},
 {<<"tds_proto">>,
  {git,"https://github.com/valitydev/tds-proto.git",
       {ref,"e0724e51255c9db52d3d8feda769c0b1b2170a98"}},
  0},
 {<<"thrift">>,
  {git,"https://github.com/valitydev/thrift_erlang.git",
       {ref,"846a0819d9b6d09d0c31f160e33a78dbad2067b4"}},
  1},
 {<<"token_keeper_client">>,
  {git,"https://github.com/valitydev/token-keeper-client.git",
       {ref,"06cc71293e28f3e01fe981069c48c9782d0ab1f2"}},
  0},
 {<<"token_keeper_proto">>,
  {git,"https://github.com/valitydev/token-keeper-proto.git",
       {ref,"448afd93571f4f7feea655e29ea4b0e98fd808f5"}},
  1},
 {<<"unicode_util_compat">>,{pkg,<<"unicode_util_compat">>,<<"0.7.0">>},1},
 {<<"woody">>,
  {git,"https://github.com/valitydev/woody_erlang.git",
       {ref,"330bdcf71e99c2ea7aed424cd718939cb360ec1c"}},
  0},
 {<<"woody_user_identity">>,
  {git,"https://github.com/valitydev/woody_erlang_user_identity.git",
       {ref,"a480762fea8d7c08f105fb39ca809482b6cb042e"}},
  0}]}.
[
{pkg_hash,[
 {<<"cache">>, <<"B23A5FE7095445A88412A6E614C933377E0137B44FFED77C9B3FEF1A731A20B2">>},
 {<<"certifi">>, <<"DBAB8E5E155A0763EEA978C913CA280A6B544BFA115633FA20249C3D396D9493">>},
 {<<"cowboy">>, <<"865DD8B6607E14CF03282E10E934023A1BD8BE6F6BACF921A7E2A96D800CD452">>},
 {<<"cowlib">>, <<"0B9FF9C346629256C42EBE1EEB769A83C6CB771A6EE5960BD110AB0B9B872063">>},
 {<<"email_validator">>, <<"7E09A862E9AA99AE2CA6FD2A718D2B94360E32940A1339B53DFEE6B774BCDB03">>},
 {<<"gproc">>, <<"853CCB7805E9ADA25D227A157BA966F7B34508F386A3E7E21992B1B484230699">>},
 {<<"hackney">>, <<"99DA4674592504D3FB0CFEF0DB84C3BA02B4508BAE2DFF8C0108BAA0D6E0977C">>},
 {<<"idna">>, <<"8A63070E9F7D0C62EB9D9FCB360A7DE382448200FBBD1B106CC96D3D8099DF8D">>},
 {<<"jsx">>, <<"D12516BAA0BB23A59BB35DCCAF02A1BD08243FCBB9EFE24F2D9D056CCFF71268">>},
 {<<"metrics">>, <<"25F094DEA2CDA98213CECC3AEFF09E940299D950904393B2A29D191C346A8486">>},
 {<<"mimerl">>, <<"67E2D3F571088D5CFD3E550C383094B47159F3EEE8FFA08E64106CDF5E981BE3">>},
 {<<"parse_trans">>, <<"6E6AA8167CB44CC8F39441D05193BE6E6F4E7C2946CB2759F015F8C56B76E5FF">>},
 {<<"ranch">>, <<"8C7A100A139FD57F17327B6413E4167AC559FBC04CA7448E9BE9057311597A1D">>},
 {<<"ssl_verify_fun">>, <<"CF344F5692C82D2CD7554F5EC8FD961548D4FD09E7D22F5B62482E5AEAEBD4B0">>},
 {<<"unicode_util_compat">>, <<"BC84380C9AB48177092F43AC89E4DFA2C6D62B40B8BD132B1059ECC7232F9A78">>}]},
{pkg_hash_ext,[
 {<<"cache">>, <<"44516CE6FA03594D3A2AF025DD3A87BFE711000EB730219E1DDEFC816E0AA2F4">>},
 {<<"certifi">>, <<"524C97B4991B3849DD5C17A631223896272C6B0AF446778BA4675A1DFF53BB7E">>},
 {<<"cowboy">>, <<"2C729F934B4E1AA149AFF882F57C6372C15399A20D54F65C8D67BEF583021BDE">>},
 {<<"cowlib">>, <<"2B3E9DA0B21C4565751A6D4901C20D1B4CC25CBB7FD50D91D2AB6DD287BC86A9">>},
 {<<"email_validator">>, <<"2B1E6DF7BB14155C8D7D131F1C95CF4676200BC056EEBA82123396833FF94DA2">>},
 {<<"gproc">>, <<"587E8AF698CCD3504CF4BA8D90F893EDE2B0F58CABB8A916E2BF9321DE3CF10B">>},
 {<<"hackney">>, <<"DE16FF4996556C8548D512F4DBE22DD58A587BF3332E7FD362430A7EF3986B16">>},
 {<<"idna">>, <<"92376EB7894412ED19AC475E4A86F7B413C1B9FBB5BD16DCCD57934157944CEA">>},
 {<<"jsx">>, <<"0C5CC8FDC11B53CC25CF65AC6705AD39E54ECC56D1C22E4ADB8F5A53FB9427F3">>},
 {<<"metrics">>, <<"69B09ADDDC4F74A40716AE54D140F93BEB0FB8978D8636EADED0C31B6F099F16">>},
 {<<"mimerl">>, <<"F278585650AA581986264638EBF698F8BB19DF297F66AD91B18910DFC6E19323">>},
 {<<"parse_trans">>, <<"620A406CE75DADA827B82E453C19CF06776BE266F5A67CFF34E1EF2CBB60E49A">>},
 {<<"ranch">>, <<"49FBCFD3682FAB1F5D109351B61257676DA1A2FDBE295904176D5E521A2DDFE5">>},
 {<<"ssl_verify_fun">>, <<"BDB0D2471F453C88FF3908E7686F86F9BE327D065CC1EC16FA4540197EA04680">>},
 {<<"unicode_util_compat">>, <<"25EEE6D67DF61960CF6A794239566599B09E17E668D3700247BC498638152521">>}]}
].
